
Microsoft Visual Studio Solution File, Format Version 12.00
# Visual Studio Version 17
VisualStudioVersion = 17.7.34009.444
MinimumVisualStudioVersion = 10.0.40219.1
Project("{FAE04EC0-301F-11D3-BF4B-00C04F79EFBC}") = "JW_YJ_TextRPG", "JW_YJ_TextRPG\JW_YJ_TextRPG.csproj", "{4A6A3055-47BA-4FA2-A993-5B75D8C3B5F2}"
EndProject
Global
	GlobalSection(SolutionConfigurationPlatforms) = preSolution
		Debug|Any CPU = Debug|Any CPU
		Release|Any CPU = Release|Any CPU
	EndGlobalSection
	GlobalSection(ProjectConfigurationPlatforms) = postSolution
		{4A6A3055-47BA-4FA2-A993-5B75D8C3B5F2}.Debug|Any CPU.ActiveCfg = Debug|Any CPU
		{4A6A3055-47BA-4FA2-A993-5B75D8C3B5F2}.Debug|Any CPU.Build.0 = Debug|Any CPU
		{4A6A3055-47BA-4FA2-A993-5B75D8C3B5F2}.Release|Any CPU.ActiveCfg = Release|Any CPU
		{4A6A3055-47BA-4FA2-A993-5B75D8C3B5F2}.Release|Any CPU.Build.0 = Release|Any CPU
	EndGlobalSection
	GlobalSection(SolutionProperties) = preSolution
		HideSolutionNode = FALSE
	EndGlobalSection
	GlobalSection(ExtensibilityGlobals) = postSolution
		SolutionGuid = {D1AAC05C-F048-43D3-BD97-CA6157EE68ED}
	EndGlobalSection
EndGlobal
